
Microsoft Visual Studio Solution File, Format Version 12.00
# Visual Studio Version 16
VisualStudioVersion = 16.0.29102.190
MinimumVisualStudioVersion = 10.0.40219.1
Project("{9A19103F-16F7-4668-BE54-9A1E7A4F7556}") = "NetworksManagement", "NetworksManagement\NetworksManagement.csproj", "{22CDA338-DF03-471A-BA75-0250FC727F17}"
EndProject
Project("{9A19103F-16F7-4668-BE54-9A1E7A4F7556}") = "NetworksManagement.Data", "NetworksManagement.Data\NetworksManagement.Data.csproj", "{288C6F88-E85D-4896-B615-AF39E60BA0BA}"
EndProject
Project("{FAE04EC0-301F-11D3-BF4B-00C04F79EFBC}") = "NetworksManagement.Core", "NetworksManagement.Core\NetworksManagement.Core.csproj", "{75DB9251-BF60-4DFE-BCA7-EAFDD1BDC319}"
EndProject
Project("{FAE04EC0-301F-11D3-BF4B-00C04F79EFBC}") = "NetworksManagement.Infrastructure", "NetworksManagement.Infrastructure\NetworksManagement.Infrastructure.csproj", "{D59E96C4-0FAB-4328-B5D7-0D5A3B7243C3}"
EndProject
Global
	GlobalSection(SolutionConfigurationPlatforms) = preSolution
		Debug|Any CPU = Debug|Any CPU
		Release|Any CPU = Release|Any CPU
	EndGlobalSection
	GlobalSection(ProjectConfigurationPlatforms) = postSolution
		{22CDA338-DF03-471A-BA75-0250FC727F17}.Debug|Any CPU.ActiveCfg = Debug|Any CPU
		{22CDA338-DF03-471A-BA75-0250FC727F17}.Debug|Any CPU.Build.0 = Debug|Any CPU
		{22CDA338-DF03-471A-BA75-0250FC727F17}.Release|Any CPU.ActiveCfg = Release|Any CPU
		{22CDA338-DF03-471A-BA75-0250FC727F17}.Release|Any CPU.Build.0 = Release|Any CPU
		{288C6F88-E85D-4896-B615-AF39E60BA0BA}.Debug|Any CPU.ActiveCfg = Debug|Any CPU
		{288C6F88-E85D-4896-B615-AF39E60BA0BA}.Debug|Any CPU.Build.0 = Debug|Any CPU
		{288C6F88-E85D-4896-B615-AF39E60BA0BA}.Release|Any CPU.ActiveCfg = Release|Any CPU
		{288C6F88-E85D-4896-B615-AF39E60BA0BA}.Release|Any CPU.Build.0 = Release|Any CPU
		{75DB9251-BF60-4DFE-BCA7-EAFDD1BDC319}.Debug|Any CPU.ActiveCfg = Debug|Any CPU
		{75DB9251-BF60-4DFE-BCA7-EAFDD1BDC319}.Debug|Any CPU.Build.0 = Debug|Any CPU
		{75DB9251-BF60-4DFE-BCA7-EAFDD1BDC319}.Release|Any CPU.ActiveCfg = Release|Any CPU
		{75DB9251-BF60-4DFE-BCA7-EAFDD1BDC319}.Release|Any CPU.Build.0 = Release|Any CPU
		{D59E96C4-0FAB-4328-B5D7-0D5A3B7243C3}.Debug|Any CPU.ActiveCfg = Debug|Any CPU
		{D59E96C4-0FAB-4328-B5D7-0D5A3B7243C3}.Debug|Any CPU.Build.0 = Debug|Any CPU
		{D59E96C4-0FAB-4328-B5D7-0D5A3B7243C3}.Release|Any CPU.ActiveCfg = Release|Any CPU
		{D59E96C4-0FAB-4328-B5D7-0D5A3B7243C3}.Release|Any CPU.Build.0 = Release|Any CPU
	EndGlobalSection
	GlobalSection(SolutionProperties) = preSolution
		HideSolutionNode = FALSE
	EndGlobalSection
	GlobalSection(ExtensibilityGlobals) = postSolution
		SolutionGuid = {6B55BB14-EBBE-40A9-89C9-950740DF6AF6}
	EndGlobalSection
EndGlobal
